
Microsoft Visual Studio Solution File, Format Version 12.00
# Visual Studio Version 16
VisualStudioVersion = 16.0.31515.178
MinimumVisualStudioVersion = 10.0.40219.1
Project("{9A19103F-16F7-4668-BE54-9A1E7A4F7556}") = "Apteco.OrbitDashboardRefresher.Console", "Apteco.OrbitDashboardRefresher.Console\Apteco.OrbitDashboardRefresher.Console.csproj", "{5BF426C1-A2D0-4A30-87AB-FDC833144397}"
EndProject
Project("{9A19103F-16F7-4668-BE54-9A1E7A4F7556}") = "Apteco.OrbitDashboardRefresher.APIClient", "Apteco.OrbitDashboardRefresher.APIClient\Apteco.OrbitDashboardRefresher.APIClient.csproj", "{1B75DAB8-1530-4F20-8E6F-3C48D46E79B7}"
EndProject
Project("{2150E333-8FDC-42A3-9474-1A3956D46DE8}") = "Solution Items", "Solution Items", "{B21F29CC-FC02-48FD-BDCE-1E1BAAA4C41C}"
	ProjectSection(SolutionItems) = preProject
		.gitignore = .gitignore
		LICENSE = LICENSE
		README.md = README.md
		swagger-codegen-options.json = swagger-codegen-options.json
	EndProjectSection
EndProject
Global
	GlobalSection(SolutionConfigurationPlatforms) = preSolution
		Debug|Any CPU = Debug|Any CPU
		Release|Any CPU = Release|Any CPU
	EndGlobalSection
	GlobalSection(ProjectConfigurationPlatforms) = postSolution
		{5BF426C1-A2D0-4A30-87AB-FDC833144397}.Debug|Any CPU.ActiveCfg = Debug|Any CPU
		{5BF426C1-A2D0-4A30-87AB-FDC833144397}.Debug|Any CPU.Build.0 = Debug|Any CPU
		{5BF426C1-A2D0-4A30-87AB-FDC833144397}.Release|Any CPU.ActiveCfg = Release|Any CPU
		{5BF426C1-A2D0-4A30-87AB-FDC833144397}.Release|Any CPU.Build.0 = Release|Any CPU
		{1B75DAB8-1530-4F20-8E6F-3C48D46E79B7}.Debug|Any CPU.ActiveCfg = Debug|Any CPU
		{1B75DAB8-1530-4F20-8E6F-3C48D46E79B7}.Debug|Any CPU.Build.0 = Debug|Any CPU
		{1B75DAB8-1530-4F20-8E6F-3C48D46E79B7}.Release|Any CPU.ActiveCfg = Release|Any CPU
		{1B75DAB8-1530-4F20-8E6F-3C48D46E79B7}.Release|Any CPU.Build.0 = Release|Any CPU
	EndGlobalSection
	GlobalSection(SolutionProperties) = preSolution
		HideSolutionNode = FALSE
	EndGlobalSection
	GlobalSection(ExtensibilityGlobals) = postSolution
		SolutionGuid = {AE69107E-9195-4C0D-A2E8-C6CB1CD31F2E}
	EndGlobalSection
EndGlobal
